
Microsoft Visual Studio Solution File, Format Version 12.00
# Visual Studio Version 16
VisualStudioVersion = 16.0.31105.61
MinimumVisualStudioVersion = 10.0.40219.1
Project("{8BC9CEB8-8B4A-11D0-8D11-00A0C91BC942}") = "IaProject", "IaProject\IaProject.vcxproj", "{C8B72238-0364-43DE-9D42-0C115D294102}"
EndProject
Global
	GlobalSection(SolutionConfigurationPlatforms) = preSolution
		Debug|x64 = Debug|x64
		Debug|x86 = Debug|x86
		Release|x64 = Release|x64
		Release|x86 = Release|x86
	EndGlobalSection
	GlobalSection(ProjectConfigurationPlatforms) = postSolution
		{C8B72238-0364-43DE-9D42-0C115D294102}.Debug|x64.ActiveCfg = Debug|x64
		{C8B72238-0364-43DE-9D42-0C115D294102}.Debug|x64.Build.0 = Debug|x64
		{C8B72238-0364-43DE-9D42-0C115D294102}.Debug|x86.ActiveCfg = Debug|Win32
		{C8B72238-0364-43DE-9D42-0C115D294102}.Debug|x86.Build.0 = Debug|Win32
		{C8B72238-0364-43DE-9D42-0C115D294102}.Release|x64.ActiveCfg = Release|x64
		{C8B72238-0364-43DE-9D42-0C115D294102}.Release|x64.Build.0 = Release|x64
		{C8B72238-0364-43DE-9D42-0C115D294102}.Release|x86.ActiveCfg = Release|Win32
		{C8B72238-0364-43DE-9D42-0C115D294102}.Release|x86.Build.0 = Release|Win32
	EndGlobalSection
	GlobalSection(SolutionProperties) = preSolution
		HideSolutionNode = FALSE
	EndGlobalSection
	GlobalSection(ExtensibilityGlobals) = postSolution
		SolutionGuid = {E88FD836-46BB-4384-BC17-B8B4D901B1B5}
	EndGlobalSection
EndGlobal
